
Microsoft Visual Studio Solution File, Format Version 12.00
# Visual Studio Version 17
VisualStudioVersion = 17.7.34031.279
MinimumVisualStudioVersion = 10.0.40219.1
Project("{2150E333-8FDC-42A3-9474-1A3956D46DE8}") = "Basic", "Basic", "{48F332A8-AA65-4906-A6B8-535A4F4DEEF2}"
EndProject
Project("{FAE04EC0-301F-11D3-BF4B-00C04F79EFBC}") = "Alphabet Upper Lower Convert", "Basic\UpperLowerAlphabetConver\Alphabet Upper Lower Convert\Alphabet Upper Lower Convert.csproj", "{A73E38F7-1713-4236-A858-975B943B1271}"
EndProject
Project("{FAE04EC0-301F-11D3-BF4B-00C04F79EFBC}") = "Even Odd Distinction", "Basic\Even Odd Distinction\Even Odd Distinction.csproj", "{EB842517-4699-4CAC-B0E1-7F073B7AA4D7}"
EndProject
Project("{FAE04EC0-301F-11D3-BF4B-00C04F79EFBC}") = "String Overwrite", "Basic\String Overwrite\String Overwrite.csproj", "{AA4BDEE6-8E26-4336-B68C-07D205B72189}"
EndProject
Project("{FAE04EC0-301F-11D3-BF4B-00C04F79EFBC}") = "Adding fractions", "Basic\Adding fractions\Adding fractions.csproj", "{18193C12-A863-4E8F-BD02-5A4EE3B315B6}"
EndProject
Project("{FAE04EC0-301F-11D3-BF4B-00C04F79EFBC}") = "Doubling Array", "Basic\Doubling Array\Doubling Array.csproj", "{A1A2FD40-5FFC-4C7F-A786-B98CFF688E01}"
EndProject
Global
	GlobalSection(SolutionConfigurationPlatforms) = preSolution
		Debug|Any CPU = Debug|Any CPU
		Release|Any CPU = Release|Any CPU
	EndGlobalSection
	GlobalSection(ProjectConfigurationPlatforms) = postSolution
		{A73E38F7-1713-4236-A858-975B943B1271}.Debug|Any CPU.ActiveCfg = Debug|Any CPU
		{A73E38F7-1713-4236-A858-975B943B1271}.Debug|Any CPU.Build.0 = Debug|Any CPU
		{A73E38F7-1713-4236-A858-975B943B1271}.Release|Any CPU.ActiveCfg = Release|Any CPU
		{A73E38F7-1713-4236-A858-975B943B1271}.Release|Any CPU.Build.0 = Release|Any CPU
		{EB842517-4699-4CAC-B0E1-7F073B7AA4D7}.Debug|Any CPU.ActiveCfg = Debug|Any CPU
		{EB842517-4699-4CAC-B0E1-7F073B7AA4D7}.Debug|Any CPU.Build.0 = Debug|Any CPU
		{EB842517-4699-4CAC-B0E1-7F073B7AA4D7}.Release|Any CPU.ActiveCfg = Release|Any CPU
		{EB842517-4699-4CAC-B0E1-7F073B7AA4D7}.Release|Any CPU.Build.0 = Release|Any CPU
		{AA4BDEE6-8E26-4336-B68C-07D205B72189}.Debug|Any CPU.ActiveCfg = Debug|Any CPU
		{AA4BDEE6-8E26-4336-B68C-07D205B72189}.Debug|Any CPU.Build.0 = Debug|Any CPU
		{AA4BDEE6-8E26-4336-B68C-07D205B72189}.Release|Any CPU.ActiveCfg = Release|Any CPU
		{AA4BDEE6-8E26-4336-B68C-07D205B72189}.Release|Any CPU.Build.0 = Release|Any CPU
		{18193C12-A863-4E8F-BD02-5A4EE3B315B6}.Debug|Any CPU.ActiveCfg = Debug|Any CPU
		{18193C12-A863-4E8F-BD02-5A4EE3B315B6}.Debug|Any CPU.Build.0 = Debug|Any CPU
		{18193C12-A863-4E8F-BD02-5A4EE3B315B6}.Release|Any CPU.ActiveCfg = Release|Any CPU
		{18193C12-A863-4E8F-BD02-5A4EE3B315B6}.Release|Any CPU.Build.0 = Release|Any CPU
		{A1A2FD40-5FFC-4C7F-A786-B98CFF688E01}.Debug|Any CPU.ActiveCfg = Debug|Any CPU
		{A1A2FD40-5FFC-4C7F-A786-B98CFF688E01}.Debug|Any CPU.Build.0 = Debug|Any CPU
		{A1A2FD40-5FFC-4C7F-A786-B98CFF688E01}.Release|Any CPU.ActiveCfg = Release|Any CPU
		{A1A2FD40-5FFC-4C7F-A786-B98CFF688E01}.Release|Any CPU.Build.0 = Release|Any CPU
	EndGlobalSection
	GlobalSection(SolutionProperties) = preSolution
		HideSolutionNode = FALSE
	EndGlobalSection
	GlobalSection(NestedProjects) = preSolution
		{A73E38F7-1713-4236-A858-975B943B1271} = {48F332A8-AA65-4906-A6B8-535A4F4DEEF2}
		{EB842517-4699-4CAC-B0E1-7F073B7AA4D7} = {48F332A8-AA65-4906-A6B8-535A4F4DEEF2}
		{AA4BDEE6-8E26-4336-B68C-07D205B72189} = {48F332A8-AA65-4906-A6B8-535A4F4DEEF2}
		{18193C12-A863-4E8F-BD02-5A4EE3B315B6} = {48F332A8-AA65-4906-A6B8-535A4F4DEEF2}
	EndGlobalSection
	GlobalSection(ExtensibilityGlobals) = postSolution
		SolutionGuid = {DEA4EC12-BB37-41AA-B877-5A5F3661EFB6}
	EndGlobalSection
EndGlobal
